// !$*UTF8*$!
{
	archiveVersion = 1;
	classes = {
	};
	objectVersion = 50;
	objects = {

/* Begin PBXFileReference section */
		2A1F1E1B26183023009BA217 /* rectifier - separated.blend */ = {isa = PBXFileReference; lastKnownFileType = file; name = "rectifier - separated.blend"; path = "../rectifier - separated.blend"; sourceTree = "<group>"; };
		2A1F1E1C26183023009BA217 /* untitled.blend */ = {isa = PBXFileReference; lastKnownFileType = file; name = untitled.blend; path = ../untitled.blend; sourceTree = "<group>"; };
		2A1F1E1D26183023009BA217 /* mk8-mount.blend */ = {isa = PBXFileReference; lastKnownFileType = file; name = "mk8-mount.blend"; path = "../mk8-mount.blend"; sourceTree = "<group>"; };
		2A1F1E1E26183023009BA217 /* faceshield.blend */ = {isa = PBXFileReference; lastKnownFileType = file; name = faceshield.blend; path = ../faceshield.blend; sourceTree = "<group>"; };
		2A1F1E1F26183023009BA217 /* ledholder.blend */ = {isa = PBXFileReference; lastKnownFileType = file; name = ledholder.blend; path = ../ledholder.blend; sourceTree = "<group>"; };
		2A1F1E2026183023009BA217 /* scuba-adapter.blend */ = {isa = PBXFileReference; lastKnownFileType = file; name = "scuba-adapter.blend"; path = "../scuba-adapter.blend"; sourceTree = "<group>"; };
		2A1F1E2126183023009BA217 /* dryerVent.blend */ = {isa = PBXFileReference; lastKnownFileType = file; name = dryerVent.blend; path = ../dryerVent.blend; sourceTree = "<group>"; };
		2A1F1E2226183023009BA217 /* toycar.blend */ = {isa = PBXFileReference; lastKnownFileType = file; name = toycar.blend; path = ../toycar.blend; sourceTree = "<group>"; };
		2A1F1E2326183023009BA217 /* Tank.blend */ = {isa = PBXFileReference; lastKnownFileType = file; name = Tank.blend; path = ../Tank.blend; sourceTree = "<group>"; };
		2A1F1E2426183023009BA217 /* Train.blend */ = {isa = PBXFileReference; lastKnownFileType = file; name = Train.blend; path = ../Train.blend; sourceTree = "<group>"; };
		2A1F1E2526183023009BA217 /* volt-reg-support.blend */ = {isa = PBXFileReference; lastKnownFileType = file; name = "volt-reg-support.blend"; path = "../volt-reg-support.blend"; sourceTree = "<group>"; };
		2A1F1E2626183023009BA217 /* baby-proof.blend */ = {isa = PBXFileReference; lastKnownFileType = file; name = "baby-proof.blend"; path = "../baby-proof.blend"; sourceTree = "<group>"; };
		2A1F1E2726183024009BA217 /* headlight.blend */ = {isa = PBXFileReference; lastKnownFileType = file; name = headlight.blend; path = ../headlight.blend; sourceTree = "<group>"; };
		2A1F1E2826183024009BA217 /* volt-reg-support1.blend */ = {isa = PBXFileReference; lastKnownFileType = file; name = "volt-reg-support1.blend"; path = "../volt-reg-support1.blend"; sourceTree = "<group>"; };
		2A1F1E2926183024009BA217 /* volt-reg.blend */ = {isa = PBXFileReference; lastKnownFileType = file; name = "volt-reg.blend"; path = "../volt-reg.blend"; sourceTree = "<group>"; };
		2A1F1E2A26183024009BA217 /* Tie holder.blend */ = {isa = PBXFileReference; lastKnownFileType = file; name = "Tie holder.blend"; path = "../Tie holder.blend"; sourceTree = "<group>"; };
		2A1F1E2B26183024009BA217 /* HanumanJee.blend */ = {isa = PBXFileReference; lastKnownFileType = file; name = HanumanJee.blend; path = ../HanumanJee.blend; sourceTree = "<group>"; };
		2A1F1E2C26183024009BA217 /* photoframe.blend */ = {isa = PBXFileReference; lastKnownFileType = file; name = photoframe.blend; path = ../photoframe.blend; sourceTree = "<group>"; };
		2A1F1E2D26183024009BA217 /* pi-cam-mount.blend */ = {isa = PBXFileReference; lastKnownFileType = file; name = "pi-cam-mount.blend"; path = "../pi-cam-mount.blend"; sourceTree = "<group>"; };
		2A1F1E2E26183024009BA217 /* Rotimatic.blend */ = {isa = PBXFileReference; lastKnownFileType = file; name = Rotimatic.blend; path = ../Rotimatic.blend; sourceTree = "<group>"; };
		2A1F1E2F26183024009BA217 /* kitchen.blend */ = {isa = PBXFileReference; lastKnownFileType = file; name = kitchen.blend; path = ../kitchen.blend; sourceTree = "<group>"; };
		2A1F1E3026183024009BA217 /* rectifier.blend */ = {isa = PBXFileReference; lastKnownFileType = file; name = rectifier.blend; path = ../rectifier.blend; sourceTree = "<group>"; };
		2A1F1E3126183024009BA217 /* CentPump2.blend */ = {isa = PBXFileReference; lastKnownFileType = file; name = CentPump2.blend; path = ../CentPump2.blend; sourceTree = "<group>"; };
		2A1F1E3226183024009BA217 /* airway.blend */ = {isa = PBXFileReference; lastKnownFileType = file; name = airway.blend; path = ../airway.blend; sourceTree = "<group>"; };
		2A1F1E3326183024009BA217 /* HC-SR04-ESP8266.blend */ = {isa = PBXFileReference; lastKnownFileType = file; name = "HC-SR04-ESP8266.blend"; path = "../HC-SR04-ESP8266.blend"; sourceTree = "<group>"; };
		2A1F1E3426183024009BA217 /* AA-battery-holder.blend */ = {isa = PBXFileReference; lastKnownFileType = file; name = "AA-battery-holder.blend"; path = "../AA-battery-holder.blend"; sourceTree = "<group>"; };
		2A1F1E3526183024009BA217 /* GearsBlender.blend */ = {isa = PBXFileReference; lastKnownFileType = file; name = GearsBlender.blend; path = ../GearsBlender.blend; sourceTree = "<group>"; };
		2A1F1E3626183025009BA217 /* photoframe-4x6.blend */ = {isa = PBXFileReference; lastKnownFileType = file; name = "photoframe-4x6.blend"; path = "../photoframe-4x6.blend"; sourceTree = "<group>"; };
		2A1F1E3726183025009BA217 /* RC-gearbox.blend */ = {isa = PBXFileReference; lastKnownFileType = file; name = "RC-gearbox.blend"; path = "../RC-gearbox.blend"; sourceTree = "<group>"; };
		2A1F1E3826183025009BA217 /* rectifier - separated-rough1.blend */ = {isa = PBXFileReference; lastKnownFileType = file; name = "rectifier - separated-rough1.blend"; path = "../rectifier - separated-rough1.blend"; sourceTree = "<group>"; };
		2A1F1E3926183025009BA217 /* mouse-cover.blend */ = {isa = PBXFileReference; lastKnownFileType = file; name = "mouse-cover.blend"; path = "../mouse-cover.blend"; sourceTree = "<group>"; };
		2A1F1E3A26183025009BA217 /* names.blend */ = {isa = PBXFileReference; lastKnownFileType = file; name = names.blend; path = ../names.blend; sourceTree = "<group>"; };
		2A1F1E3B26183025009BA217 /* TaJ.blend */ = {isa = PBXFileReference; lastKnownFileType = file; name = TaJ.blend; path = ../TaJ.blend; sourceTree = "<group>"; };
		2A1F1E3C26183025009BA217 /* groovemount-fan-mount.blend */ = {isa = PBXFileReference; lastKnownFileType = file; name = "groovemount-fan-mount.blend"; path = "../groovemount-fan-mount.blend"; sourceTree = "<group>"; };
		2A1F1E3D26183025009BA217 /* Phone-Stand.blend */ = {isa = PBXFileReference; lastKnownFileType = file; name = "Phone-Stand.blend"; path = "../Phone-Stand.blend"; sourceTree = "<group>"; };
		2A1F1E3E26183025009BA217 /* Reyansh.blend */ = {isa = PBXFileReference; lastKnownFileType = file; name = Reyansh.blend; path = ../Reyansh.blend; sourceTree = "<group>"; };
		2A1F1E3F26183026009BA217 /* charger.blend */ = {isa = PBXFileReference; lastKnownFileType = file; name = charger.blend; path = ../charger.blend; sourceTree = "<group>"; };
		2A1F1E4026183026009BA217 /* volt-reg-long size version.blend */ = {isa = PBXFileReference; lastKnownFileType = file; name = "volt-reg-long size version.blend"; path = "../volt-reg-long size version.blend"; sourceTree = "<group>"; };
		2A1F1E4126183026009BA217 /* volt-reg-wide size version-usb-insidr.blend */ = {isa = PBXFileReference; lastKnownFileType = file; name = "volt-reg-wide size version-usb-insidr.blend"; path = "../volt-reg-wide size version-usb-insidr.blend"; sourceTree = "<group>"; };
		2A1F1E4226183026009BA217 /* boat-cover.blend */ = {isa = PBXFileReference; lastKnownFileType = file; name = "boat-cover.blend"; path = "../boat-cover.blend"; sourceTree = "<group>"; };
		2A1F1E4326183026009BA217 /* tripod.blend */ = {isa = PBXFileReference; lastKnownFileType = file; name = tripod.blend; path = ../tripod.blend; sourceTree = "<group>"; };
		2A1F1E4426183026009BA217 /* volt-reg-long size version-usb-insidr.blend */ = {isa = PBXFileReference; lastKnownFileType = file; name = "volt-reg-long size version-usb-insidr.blend"; path = "../volt-reg-long size version-usb-insidr.blend"; sourceTree = "<group>"; };
		2A1F1E4526183027009BA217 /* Headband.blend */ = {isa = PBXFileReference; lastKnownFileType = file; name = Headband.blend; path = ../Headband.blend; sourceTree = "<group>"; };
		2A1F1E4626183027009BA217 /* mask-holder.blend */ = {isa = PBXFileReference; lastKnownFileType = file; name = "mask-holder.blend"; path = "../mask-holder.blend"; sourceTree = "<group>"; };
		2A1F1E4726183027009BA217 /* 4 gears.blend */ = {isa = PBXFileReference; lastKnownFileType = file; name = "4 gears.blend"; path = "../4 gears.blend"; sourceTree = "<group>"; };
		2A1F1E4826183027009BA217 /* Doorlock.blend */ = {isa = PBXFileReference; lastKnownFileType = file; name = Doorlock.blend; path = ../Doorlock.blend; sourceTree = "<group>"; };
		2A1F1E4926183027009BA217 /* bebu-bike.blend */ = {isa = PBXFileReference; lastKnownFileType = file; name = "bebu-bike.blend"; path = "../bebu-bike.blend"; sourceTree = "<group>"; };
		2A1F1E4A26183027009BA217 /* earplug.blend */ = {isa = PBXFileReference; lastKnownFileType = file; name = earplug.blend; path = ../earplug.blend; sourceTree = "<group>"; };
		2A1F1E4B26183028009BA217 /* EndStopHolder.blend */ = {isa = PBXFileReference; lastKnownFileType = file; name = EndStopHolder.blend; path = ../EndStopHolder.blend; sourceTree = "<group>"; };
		2A1F1E4C26183028009BA217 /* pinion.blend */ = {isa = PBXFileReference; lastKnownFileType = file; name = pinion.blend; path = ../pinion.blend; sourceTree = "<group>"; };
		2A1F1E4D26183028009BA217 /* sg.blend */ = {isa = PBXFileReference; lastKnownFileType = file; name = sg.blend; path = ../sg.blend; sourceTree = "<group>"; };
		2A1F1E4E26183028009BA217 /* hydraulics.blend */ = {isa = PBXFileReference; lastKnownFileType = file; name = hydraulics.blend; path = ../hydraulics.blend; sourceTree = "<group>"; };
		2A1F1E4F26183028009BA217 /* smart-home.blend */ = {isa = PBXFileReference; lastKnownFileType = file; name = "smart-home.blend"; path = "../smart-home.blend"; sourceTree = "<group>"; };
		2A1F1E5026183029009BA217 /* gears-t.blend */ = {isa = PBXFileReference; lastKnownFileType = file; name = "gears-t.blend"; path = "../gears-t.blend"; sourceTree = "<group>"; };
		2A1F1E5126183029009BA217 /* antennaclamp.blend */ = {isa = PBXFileReference; lastKnownFileType = file; name = antennaclamp.blend; path = ../antennaclamp.blend; sourceTree = "<group>"; };
		2A1F1E5226183029009BA217 /* monitor-clamp.blend */ = {isa = PBXFileReference; lastKnownFileType = file; name = "monitor-clamp.blend"; path = "../monitor-clamp.blend"; sourceTree = "<group>"; };
		2A1F1E5326183029009BA217 /* spool-holder.blend */ = {isa = PBXFileReference; lastKnownFileType = file; name = "spool-holder.blend"; path = "../spool-holder.blend"; sourceTree = "<group>"; };
		2A1F1E5426183029009BA217 /* steel-rack-holder-clamp.blend */ = {isa = PBXFileReference; lastKnownFileType = file; name = "steel-rack-holder-clamp.blend"; path = "../steel-rack-holder-clamp.blend"; sourceTree = "<group>"; };
		2A1F1E552618302A009BA217 /* T-rex.blend */ = {isa = PBXFileReference; lastKnownFileType = file; name = "T-rex.blend"; path = "../T-rex.blend"; sourceTree = "<group>"; };
		2A1F1E562618302A009BA217 /* knob.blend */ = {isa = PBXFileReference; lastKnownFileType = file; name = knob.blend; path = ../knob.blend; sourceTree = "<group>"; };
		2A1F1E572618302A009BA217 /* two hand.blend */ = {isa = PBXFileReference; lastKnownFileType = file; name = "two hand.blend"; path = "../two hand.blend"; sourceTree = "<group>"; };
		2A1F1E582618302A009BA217 /* Vise-Clamp.blend */ = {isa = PBXFileReference; lastKnownFileType = file; name = "Vise-Clamp.blend"; path = "../Vise-Clamp.blend"; sourceTree = "<group>"; };
		2A1F1E592618302A009BA217 /* CurtainRodBracket.blend */ = {isa = PBXFileReference; lastKnownFileType = file; name = CurtainRodBracket.blend; path = ../CurtainRodBracket.blend; sourceTree = "<group>"; };
		2A1F1E5A2618302B009BA217 /* washer-spacer.blend */ = {isa = PBXFileReference; lastKnownFileType = file; name = "washer-spacer.blend"; path = "../washer-spacer.blend"; sourceTree = "<group>"; };
		2A1F1E5B2618302B009BA217 /* shower-switch.blend */ = {isa = PBXFileReference; lastKnownFileType = file; name = "shower-switch.blend"; path = "../shower-switch.blend"; sourceTree = "<group>"; };
		2A1F1E5C2618302B009BA217 /* gears.blend */ = {isa = PBXFileReference; lastKnownFileType = file; name = gears.blend; path = ../gears.blend; sourceTree = "<group>"; };
		2A1F1E5D2618302B009BA217 /* gregs-wade-no-idler.blend */ = {isa = PBXFileReference; lastKnownFileType = file; name = "gregs-wade-no-idler.blend"; path = "../gregs-wade-no-idler.blend"; sourceTree = "<group>"; };
		2A1F1E5E2618302C009BA217 /* closet-hook.blend */ = {isa = PBXFileReference; lastKnownFileType = file; name = "closet-hook.blend"; path = "../closet-hook.blend"; sourceTree = "<group>"; };
		2A1F1E5F2618302C009BA217 /* SG-bizcard.blend */ = {isa = PBXFileReference; lastKnownFileType = file; name = "SG-bizcard.blend"; path = "../SG-bizcard.blend"; sourceTree = "<group>"; };
		2A1F1E602618302C009BA217 /* wall-hanger.blend */ = {isa = PBXFileReference; lastKnownFileType = file; name = "wall-hanger.blend"; path = "../wall-hanger.blend"; sourceTree = "<group>"; };
		2A1F1E612618302D009BA217 /* earphoneorganizer.blend */ = {isa = PBXFileReference; lastKnownFileType = file; name = earphoneorganizer.blend; path = ../earphoneorganizer.blend; sourceTree = "<group>"; };
		2A1F1E622618302D009BA217 /* piCam.blend */ = {isa = PBXFileReference; lastKnownFileType = file; name = piCam.blend; path = ../piCam.blend; sourceTree = "<group>"; };
		2A1F1E632618302D009BA217 /* Ria.blend */ = {isa = PBXFileReference; lastKnownFileType = file; name = Ria.blend; path = ../Ria.blend; sourceTree = "<group>"; };
		2A1F1E642618302D009BA217 /* sensor -holder.blend */ = {isa = PBXFileReference; lastKnownFileType = file; name = "sensor -holder.blend"; path = "../sensor -holder.blend"; sourceTree = "<group>"; };
		2A1F1E652618302E009BA217 /* citrus.blend */ = {isa = PBXFileReference; lastKnownFileType = file; name = citrus.blend; path = ../citrus.blend; sourceTree = "<group>"; };
		2A1F1E662618302E009BA217 /* elliptical-screen.blend */ = {isa = PBXFileReference; lastKnownFileType = file; name = "elliptical-screen.blend"; path = "../elliptical-screen.blend"; sourceTree = "<group>"; };
		2A1F1E672618302E009BA217 /* rectifier - separated-rough.blend */ = {isa = PBXFileReference; lastKnownFileType = file; name = "rectifier - separated-rough.blend"; path = "../rectifier - separated-rough.blend"; sourceTree = "<group>"; };
		2A1F1E682618302E009BA217 /* Syringe-holder.blend */ = {isa = PBXFileReference; lastKnownFileType = file; name = "Syringe-holder.blend"; path = "../Syringe-holder.blend"; sourceTree = "<group>"; };
		2A1F1E692618302F009BA217 /* transmission-gear+SGS4.blend */ = {isa = PBXFileReference; lastKnownFileType = file; name = "transmission-gear+SGS4.blend"; path = "../transmission-gear+SGS4.blend"; sourceTree = "<group>"; };
		2A1F1E6A2618302F009BA217 /* pi--mount.blend */ = {isa = PBXFileReference; lastKnownFileType = file; name = "pi--mount.blend"; path = "../pi--mount.blend"; sourceTree = "<group>"; };
		2A1F1E6B2618302F009BA217 /* filter.blend */ = {isa = PBXFileReference; lastKnownFileType = file; name = filter.blend; path = ../filter.blend; sourceTree = "<group>"; };
		2A1F1E6C26183030009BA217 /* vehicle.blend */ = {isa = PBXFileReference; lastKnownFileType = file; name = vehicle.blend; path = ../vehicle.blend; sourceTree = "<group>"; };
		2A1F1E6D26183030009BA217 /* DC-Motor-Cycle-Generator.blend */ = {isa = PBXFileReference; lastKnownFileType = file; name = "DC-Motor-Cycle-Generator.blend"; path = "../DC-Motor-Cycle-Generator.blend"; sourceTree = "<group>"; };
		2A1F1E6E26183030009BA217 /* drill-scrubber.blend */ = {isa = PBXFileReference; lastKnownFileType = file; name = "drill-scrubber.blend"; path = "../drill-scrubber.blend"; sourceTree = "<group>"; };
		2A1F1E6F26183030009BA217 /* modular-gears.blend */ = {isa = PBXFileReference; lastKnownFileType = file; name = "modular-gears.blend"; path = "../modular-gears.blend"; sourceTree = "<group>"; };
		2A1F1E7026183030009BA217 /* gs4car.blend */ = {isa = PBXFileReference; lastKnownFileType = file; name = gs4car.blend; path = ../gs4car.blend; sourceTree = "<group>"; };
		2A1F1E7126183031009BA217 /* Pirate.blend */ = {isa = PBXFileReference; lastKnownFileType = file; name = Pirate.blend; path = ../Pirate.blend; sourceTree = "<group>"; };
		2A1F1E7226183031009BA217 /* relay.blend */ = {isa = PBXFileReference; lastKnownFileType = file; name = relay.blend; path = ../relay.blend; sourceTree = "<group>"; };
		2A1F1E7326183031009BA217 /* volt-reg-support-round circuit.blend */ = {isa = PBXFileReference; lastKnownFileType = file; name = "volt-reg-support-round circuit.blend"; path = "../volt-reg-support-round circuit.blend"; sourceTree = "<group>"; };
		2A1F1E7426183031009BA217 /* volt-reg-wide size version.blend */ = {isa = PBXFileReference; lastKnownFileType = file; name = "volt-reg-wide size version.blend"; path = "../volt-reg-wide size version.blend"; sourceTree = "<group>"; };
		2A1F1E7526183032009BA217 /* 18650.blend */ = {isa = PBXFileReference; lastKnownFileType = file; name = 18650.blend; path = ../18650.blend; sourceTree = "<group>"; };
		2A1F1E7626183032009BA217 /* kweld.blend */ = {isa = PBXFileReference; lastKnownFileType = file; name = kweld.blend; path = ../kweld.blend; sourceTree = "<group>"; };
		2A1F1E7726183032009BA217 /* jack.blend */ = {isa = PBXFileReference; lastKnownFileType = file; name = jack.blend; path = ../jack.blend; sourceTree = "<group>"; };
		2A1F1E7826183032009BA217 /* pulse ox cover.blend */ = {isa = PBXFileReference; lastKnownFileType = file; name = "pulse ox cover.blend"; path = "../pulse ox cover.blend"; sourceTree = "<group>"; };
		2A1F1E7926183033009BA217 /* motorized-valve-manual-override.blend */ = {isa = PBXFileReference; lastKnownFileType = file; name = "motorized-valve-manual-override.blend"; path = "../motorized-valve-manual-override.blend"; sourceTree = "<group>"; };
		2A1F1E7A26183033009BA217 /* named-ring.blend */ = {isa = PBXFileReference; lastKnownFileType = file; name = "named-ring.blend"; path = "../named-ring.blend"; sourceTree = "<group>"; };
/* End PBXFileReference section */

/* Begin PBXGroup section */
		2A1F1E1426182F69009BA217 = {
			isa = PBXGroup;
			children = (
				2A1F1E4726183027009BA217 /* 4 gears.blend */,
				2A1F1E7526183032009BA217 /* 18650.blend */,
				2A1F1E3426183024009BA217 /* AA-battery-holder.blend */,
				2A1F1E3226183024009BA217 /* airway.blend */,
				2A1F1E5126183029009BA217 /* antennaclamp.blend */,
				2A1F1E2626183023009BA217 /* baby-proof.blend */,
				2A1F1E4926183027009BA217 /* bebu-bike.blend */,
				2A1F1E4226183026009BA217 /* boat-cover.blend */,
				2A1F1E3126183024009BA217 /* CentPump2.blend */,
				2A1F1E3F26183026009BA217 /* charger.blend */,
				2A1F1E652618302E009BA217 /* citrus.blend */,
				2A1F1E5E2618302C009BA217 /* closet-hook.blend */,
				2A1F1E592618302A009BA217 /* CurtainRodBracket.blend */,
				2A1F1E6D26183030009BA217 /* DC-Motor-Cycle-Generator.blend */,
				2A1F1E4826183027009BA217 /* Doorlock.blend */,
				2A1F1E6E26183030009BA217 /* drill-scrubber.blend */,
				2A1F1E2126183023009BA217 /* dryerVent.blend */,
				2A1F1E612618302D009BA217 /* earphoneorganizer.blend */,
				2A1F1E4A26183027009BA217 /* earplug.blend */,
				2A1F1E662618302E009BA217 /* elliptical-screen.blend */,
				2A1F1E4B26183028009BA217 /* EndStopHolder.blend */,
				2A1F1E1E26183023009BA217 /* faceshield.blend */,
				2A1F1E6B2618302F009BA217 /* filter.blend */,
				2A1F1E5026183029009BA217 /* gears-t.blend */,
				2A1F1E5C2618302B009BA217 /* gears.blend */,
				2A1F1E3526183024009BA217 /* GearsBlender.blend */,
				2A1F1E5D2618302B009BA217 /* gregs-wade-no-idler.blend */,
				2A1F1E3C26183025009BA217 /* groovemount-fan-mount.blend */,
				2A1F1E7026183030009BA217 /* gs4car.blend */,
				2A1F1E2B26183024009BA217 /* HanumanJee.blend */,
				2A1F1E3326183024009BA217 /* HC-SR04-ESP8266.blend */,
				2A1F1E4526183027009BA217 /* Headband.blend */,
				2A1F1E2726183024009BA217 /* headlight.blend */,
				2A1F1E4E26183028009BA217 /* hydraulics.blend */,
				2A1F1E7726183032009BA217 /* jack.blend */,
				2A1F1E2F26183024009BA217 /* kitchen.blend */,
				2A1F1E562618302A009BA217 /* knob.blend */,
				2A1F1E7626183032009BA217 /* kweld.blend */,
				2A1F1E1F26183023009BA217 /* ledholder.blend */,
				2A1F1E4626183027009BA217 /* mask-holder.blend */,
				2A1F1E1D26183023009BA217 /* mk8-mount.blend */,
				2A1F1E6F26183030009BA217 /* modular-gears.blend */,
				2A1F1E5226183029009BA217 /* monitor-clamp.blend */,
				2A1F1E7926183033009BA217 /* motorized-valve-manual-override.blend */,
				2A1F1E3926183025009BA217 /* mouse-cover.blend */,
				2A1F1E7A26183033009BA217 /* named-ring.blend */,
				2A1F1E3A26183025009BA217 /* names.blend */,
				2A1F1E3D26183025009BA217 /* Phone-Stand.blend */,
				2A1F1E3626183025009BA217 /* photoframe-4x6.blend */,
				2A1F1E2C26183024009BA217 /* photoframe.blend */,
				2A1F1E6A2618302F009BA217 /* pi--mount.blend */,
				2A1F1E2D26183024009BA217 /* pi-cam-mount.blend */,
				2A1F1E622618302D009BA217 /* piCam.blend */,
				2A1F1E4C26183028009BA217 /* pinion.blend */,
				2A1F1E7126183031009BA217 /* Pirate.blend */,
				2A1F1E7826183032009BA217 /* pulse ox cover.blend */,
				2A1F1E3726183025009BA217 /* RC-gearbox.blend */,
				2A1F1E672618302E009BA217 /* rectifier - separated-rough.blend */,
				2A1F1E3826183025009BA217 /* rectifier - separated-rough1.blend */,
				2A1F1E1B26183023009BA217 /* rectifier - separated.blend */,
				2A1F1E3026183024009BA217 /* rectifier.blend */,
				2A1F1E7226183031009BA217 /* relay.blend */,
				2A1F1E3E26183025009BA217 /* Reyansh.blend */,
				2A1F1E632618302D009BA217 /* Ria.blend */,
				2A1F1E2E26183024009BA217 /* Rotimatic.blend */,
				2A1F1E2026183023009BA217 /* scuba-adapter.blend */,
				2A1F1E642618302D009BA217 /* sensor -holder.blend */,
				2A1F1E5F2618302C009BA217 /* SG-bizcard.blend */,
				2A1F1E4D26183028009BA217 /* sg.blend */,
				2A1F1E5B2618302B009BA217 /* shower-switch.blend */,
				2A1F1E4F26183028009BA217 /* smart-home.blend */,
				2A1F1E5326183029009BA217 /* spool-holder.blend */,
				2A1F1E5426183029009BA217 /* steel-rack-holder-clamp.blend */,
				2A1F1E682618302E009BA217 /* Syringe-holder.blend */,
				2A1F1E552618302A009BA217 /* T-rex.blend */,
				2A1F1E3B26183025009BA217 /* TaJ.blend */,
				2A1F1E2326183023009BA217 /* Tank.blend */,
				2A1F1E2A26183024009BA217 /* Tie holder.blend */,
				2A1F1E2226183023009BA217 /* toycar.blend */,
				2A1F1E2426183023009BA217 /* Train.blend */,
				2A1F1E692618302F009BA217 /* transmission-gear+SGS4.blend */,
				2A1F1E4326183026009BA217 /* tripod.blend */,
				2A1F1E572618302A009BA217 /* two hand.blend */,
				2A1F1E1C26183023009BA217 /* untitled.blend */,
				2A1F1E6C26183030009BA217 /* vehicle.blend */,
				2A1F1E582618302A009BA217 /* Vise-Clamp.blend */,
				2A1F1E4426183026009BA217 /* volt-reg-long size version-usb-insidr.blend */,
				2A1F1E4026183026009BA217 /* volt-reg-long size version.blend */,
				2A1F1E7326183031009BA217 /* volt-reg-support-round circuit.blend */,
				2A1F1E2526183023009BA217 /* volt-reg-support.blend */,
				2A1F1E2826183024009BA217 /* volt-reg-support1.blend */,
				2A1F1E4126183026009BA217 /* volt-reg-wide size version-usb-insidr.blend */,
				2A1F1E7426183031009BA217 /* volt-reg-wide size version.blend */,
				2A1F1E2926183024009BA217 /* volt-reg.blend */,
				2A1F1E602618302C009BA217 /* wall-hanger.blend */,
				2A1F1E5A2618302B009BA217 /* washer-spacer.blend */,
			);
			sourceTree = "<group>";
		};
/* End PBXGroup section */

/* Begin PBXProject section */
		2A1F1E1526182F69009BA217 /* Project object */ = {
			isa = PBXProject;
			attributes = {
				LastUpgradeCheck = 1000;
			};
			buildConfigurationList = 2A1F1E1826182F69009BA217 /* Build configuration list for PBXProject "3DModelBlenderFiles" */;
			compatibilityVersion = "Xcode 9.3";
			developmentRegion = en;
			hasScannedForEncodings = 0;
			knownRegions = (
				en,
			);
			mainGroup = 2A1F1E1426182F69009BA217;
			projectDirPath = "";
			projectRoot = "";
			targets = (
			);
		};
/* End PBXProject section */

/* Begin XCBuildConfiguration section */
		2A1F1E1926182F69009BA217 /* Debug */ = {
			isa = XCBuildConfiguration;
			buildSettings = {
			};
			name = Debug;
		};
		2A1F1E1A26182F69009BA217 /* Release */ = {
			isa = XCBuildConfiguration;
			buildSettings = {
			};
			name = Release;
		};
/* End XCBuildConfiguration section */

/* Begin XCConfigurationList section */
		2A1F1E1826182F69009BA217 /* Build configuration list for PBXProject "3DModelBlenderFiles" */ = {
			isa = XCConfigurationList;
			buildConfigurations = (
				2A1F1E1926182F69009BA217 /* Debug */,
				2A1F1E1A26182F69009BA217 /* Release */,
			);
			defaultConfigurationIsVisible = 0;
			defaultConfigurationName = Release;
		};
/* End XCConfigurationList section */
	};
	rootObject = 2A1F1E1526182F69009BA217 /* Project object */;
}
