// !$*UTF8*$!
{
	archiveVersion = 1;
	classes = {
	};
	objectVersion = 50;
	objects = {

/* Begin PBXGroup section */
		2A1F1E1426182F69009BA217 = {
			isa = PBXGroup;
			children = (
			);
			sourceTree = "<group>";
		};
/* End PBXGroup section */

/* Begin PBXProject section */
		2A1F1E1526182F69009BA217 /* Project object */ = {
			isa = PBXProject;
			attributes = {
				LastUpgradeCheck = 1000;
			};
			buildConfigurationList = 2A1F1E1826182F69009BA217 /* Build configuration list for PBXProject "3DModelBlenderFiles" */;
			compatibilityVersion = "Xcode 9.3";
			developmentRegion = en;
			hasScannedForEncodings = 0;
			knownRegions = (
				en,
			);
			mainGroup = 2A1F1E1426182F69009BA217;
			projectDirPath = "";
			projectRoot = "";
			targets = (
			);
		};
/* End PBXProject section */

/* Begin XCBuildConfiguration section */
		2A1F1E1926182F69009BA217 /* Debug */ = {
			isa = XCBuildConfiguration;
			buildSettings = {
			};
			name = Debug;
		};
		2A1F1E1A26182F69009BA217 /* Release */ = {
			isa = XCBuildConfiguration;
			buildSettings = {
			};
			name = Release;
		};
/* End XCBuildConfiguration section */

/* Begin XCConfigurationList section */
		2A1F1E1826182F69009BA217 /* Build configuration list for PBXProject "3DModelBlenderFiles" */ = {
			isa = XCConfigurationList;
			buildConfigurations = (
				2A1F1E1926182F69009BA217 /* Debug */,
				2A1F1E1A26182F69009BA217 /* Release */,
			);
			defaultConfigurationIsVisible = 0;
			defaultConfigurationName = Release;
		};
/* End XCConfigurationList section */
	};
	rootObject = 2A1F1E1526182F69009BA217 /* Project object */;
}
